
Microsoft Visual Studio Solution File, Format Version 12.00
# Visual Studio Version 16
VisualStudioVersion = 16.0.28803.202
MinimumVisualStudioVersion = 10.0.40219.1
Project("{FAE04EC0-301F-11D3-BF4B-00C04F79EFBC}") = "WpfApp1", "WpfApp1\WpfApp1.csproj", "{E361DCA3-BCDF-457F-8573-D05C27D272D8}"
EndProject
Global
	GlobalSection(SolutionConfigurationPlatforms) = preSolution
		Debug|Any CPU = Debug|Any CPU
		Release|Any CPU = Release|Any CPU
	EndGlobalSection
	GlobalSection(ProjectConfigurationPlatforms) = postSolution
		{E361DCA3-BCDF-457F-8573-D05C27D272D8}.Debug|Any CPU.ActiveCfg = Debug|Any CPU
		{E361DCA3-BCDF-457F-8573-D05C27D272D8}.Debug|Any CPU.Build.0 = Debug|Any CPU
		{E361DCA3-BCDF-457F-8573-D05C27D272D8}.Release|Any CPU.ActiveCfg = Release|Any CPU
		{E361DCA3-BCDF-457F-8573-D05C27D272D8}.Release|Any CPU.Build.0 = Release|Any CPU
	EndGlobalSection
	GlobalSection(SolutionProperties) = preSolution
		HideSolutionNode = FALSE
	EndGlobalSection
	GlobalSection(ExtensibilityGlobals) = postSolution
		SolutionGuid = {55C27856-4BBF-4994-82B9-1FE293F4C6D1}
	EndGlobalSection
EndGlobal
